
Microsoft Visual Studio Solution File, Format Version 12.00
Project("{2150E333-8FDC-42A3-9474-1A3956D46DE8}") = "Solution Items", "Solution Items", "{948AB602-9EAA-4EDC-8BCB-D2A9596A5B62}"
	ProjectSection(SolutionItems) = preProject
		.editorconfig = .editorconfig
		.gitattributes = .gitattributes
		.gitignore = .gitignore
		LICENSE = LICENSE
		README.md = README.md
	EndProjectSection
EndProject
Project("{FAE04EC0-301F-11D3-BF4B-00C04F79EFBC}") = "Rayzin.Core", "Rayzin.Core\Rayzin.Core.csproj", "{48FB3C63-444B-4BE1-958D-7585FC8313C6}"
EndProject
Project("{FAE04EC0-301F-11D3-BF4B-00C04F79EFBC}") = "Rayzin.Core.Tests", "Rayzin.Core.Tests\Rayzin.Core.Tests.csproj", "{EF47515F-AF63-4624-AE94-579A9597B799}"
EndProject
Project("{FAE04EC0-301F-11D3-BF4B-00C04F79EFBC}") = "Sandbox", "Sandbox\Sandbox.csproj", "{3874E593-6F0E-4FF9-8C86-87EB8D17971C}"
EndProject
Global
	GlobalSection(SolutionConfigurationPlatforms) = preSolution
		Debug|Any CPU = Debug|Any CPU
		Release|Any CPU = Release|Any CPU
	EndGlobalSection
	GlobalSection(ProjectConfigurationPlatforms) = postSolution
		{48FB3C63-444B-4BE1-958D-7585FC8313C6}.Debug|Any CPU.ActiveCfg = Debug|Any CPU
		{48FB3C63-444B-4BE1-958D-7585FC8313C6}.Debug|Any CPU.Build.0 = Debug|Any CPU
		{48FB3C63-444B-4BE1-958D-7585FC8313C6}.Release|Any CPU.ActiveCfg = Release|Any CPU
		{48FB3C63-444B-4BE1-958D-7585FC8313C6}.Release|Any CPU.Build.0 = Release|Any CPU
		{EF47515F-AF63-4624-AE94-579A9597B799}.Debug|Any CPU.ActiveCfg = Debug|Any CPU
		{EF47515F-AF63-4624-AE94-579A9597B799}.Debug|Any CPU.Build.0 = Debug|Any CPU
		{EF47515F-AF63-4624-AE94-579A9597B799}.Release|Any CPU.ActiveCfg = Release|Any CPU
		{EF47515F-AF63-4624-AE94-579A9597B799}.Release|Any CPU.Build.0 = Release|Any CPU
		{3874E593-6F0E-4FF9-8C86-87EB8D17971C}.Debug|Any CPU.ActiveCfg = Debug|Any CPU
		{3874E593-6F0E-4FF9-8C86-87EB8D17971C}.Debug|Any CPU.Build.0 = Debug|Any CPU
		{3874E593-6F0E-4FF9-8C86-87EB8D17971C}.Release|Any CPU.ActiveCfg = Release|Any CPU
		{3874E593-6F0E-4FF9-8C86-87EB8D17971C}.Release|Any CPU.Build.0 = Release|Any CPU
	EndGlobalSection
EndGlobal
